
Microsoft Visual Studio Solution File, Format Version 12.00
# Visual Studio Version 17
VisualStudioVersion = 17.0.31919.166
MinimumVisualStudioVersion = 10.0.40219.1
Project("{FAE04EC0-301F-11D3-BF4B-00C04F79EFBC}") = "MusicStore", "MusicStore\MusicStore.csproj", "{89CDF90C-D40A-4CBB-8AFC-798F462AC2A7}"
EndProject
Global
	GlobalSection(SolutionConfigurationPlatforms) = preSolution
		Debug|Any CPU = Debug|Any CPU
		Release|Any CPU = Release|Any CPU
	EndGlobalSection
	GlobalSection(ProjectConfigurationPlatforms) = postSolution
		{89CDF90C-D40A-4CBB-8AFC-798F462AC2A7}.Debug|Any CPU.ActiveCfg = Debug|Any CPU
		{89CDF90C-D40A-4CBB-8AFC-798F462AC2A7}.Debug|Any CPU.Build.0 = Debug|Any CPU
		{89CDF90C-D40A-4CBB-8AFC-798F462AC2A7}.Release|Any CPU.ActiveCfg = Release|Any CPU
		{89CDF90C-D40A-4CBB-8AFC-798F462AC2A7}.Release|Any CPU.Build.0 = Release|Any CPU
	EndGlobalSection
	GlobalSection(SolutionProperties) = preSolution
		HideSolutionNode = FALSE
	EndGlobalSection
	GlobalSection(ExtensibilityGlobals) = postSolution
		SolutionGuid = {FA2D48F6-82E1-443B-8599-68FB4518E3C0}
	EndGlobalSection
EndGlobal
